
Microsoft Visual Studio Solution File, Format Version 12.00
# Visual Studio Version 16
VisualStudioVersion = 16.0.29905.134
MinimumVisualStudioVersion = 10.0.40219.1
Project("{FAE04EC0-301F-11D3-BF4B-00C04F79EFBC}") = "BergonziVerifica", "BergonziVerifica\BergonziVerifica.csproj", "{BCB9BFE0-6EB0-4BE2-9587-54A3C68115B9}"
EndProject
Global
	GlobalSection(SolutionConfigurationPlatforms) = preSolution
		Debug|Any CPU = Debug|Any CPU
		Release|Any CPU = Release|Any CPU
	EndGlobalSection
	GlobalSection(ProjectConfigurationPlatforms) = postSolution
		{BCB9BFE0-6EB0-4BE2-9587-54A3C68115B9}.Debug|Any CPU.ActiveCfg = Debug|Any CPU
		{BCB9BFE0-6EB0-4BE2-9587-54A3C68115B9}.Debug|Any CPU.Build.0 = Debug|Any CPU
		{BCB9BFE0-6EB0-4BE2-9587-54A3C68115B9}.Release|Any CPU.ActiveCfg = Release|Any CPU
		{BCB9BFE0-6EB0-4BE2-9587-54A3C68115B9}.Release|Any CPU.Build.0 = Release|Any CPU
	EndGlobalSection
	GlobalSection(SolutionProperties) = preSolution
		HideSolutionNode = FALSE
	EndGlobalSection
	GlobalSection(ExtensibilityGlobals) = postSolution
		SolutionGuid = {EF846AEF-3869-4084-84EB-BC1CA9841E82}
	EndGlobalSection
EndGlobal
